Microsoft Visual Studio Solution File, Format Version 12.00
# Visual Studio Version 17
VisualStudioVersion = 17.5.2.0
MinimumVisualStudioVersion = 10.0.40219.1
Project("{FAE04EC0-301F-11D3-BF4B-00C04F79EFBC}") = "eShopLegacyMVC", "eShopLegacyMVC\eShopLegacyMVC.csproj", "{81EE0A41-1135-CB58-7AE9-427FD1EB5414}"
EndProject
Global
	GlobalSection(SolutionConfigurationPlatforms) = preSolution
		Debug|Any CPU = Debug|Any CPU
		Release|Any CPU = Release|Any CPU
	EndGlobalSection
	GlobalSection(ProjectConfigurationPlatforms) = postSolution
		{81EE0A41-1135-CB58-7AE9-427FD1EB5414}.Debug|Any CPU.ActiveCfg = Debug|Any CPU
		{81EE0A41-1135-CB58-7AE9-427FD1EB5414}.Debug|Any CPU.Build.0 = Debug|Any CPU
		{81EE0A41-1135-CB58-7AE9-427FD1EB5414}.Release|Any CPU.ActiveCfg = Release|Any CPU
		{81EE0A41-1135-CB58-7AE9-427FD1EB5414}.Release|Any CPU.Build.0 = Release|Any CPU
	EndGlobalSection
	GlobalSection(SolutionProperties) = preSolution
		HideSolutionNode = FALSE
	EndGlobalSection
	GlobalSection(ExtensibilityGlobals) = postSolution
		SolutionGuid = {22CD1664-47FD-4C01-90A9-10447A88036D}
	EndGlobalSection
EndGlobal
